
Microsoft Visual Studio Solution File, Format Version 12.00
# Visual Studio Version 16
VisualStudioVersion = 16.0.29926.136
MinimumVisualStudioVersion = 10.0.40219.1
Project("{9A19103F-16F7-4668-BE54-9A1E7A4F7556}") = "ConsoleForInterview", "ConsoleForInterview\ConsoleForInterview.csproj", "{0F4911D7-6BCF-43DD-9AD8-049B78F576B7}"
EndProject
Project("{9A19103F-16F7-4668-BE54-9A1E7A4F7556}") = "HelperLibrary", "HelperLibrary\HelperLibrary.csproj", "{3AAAE1C8-9ADD-4185-B3C9-67FE32B2AFCC}"
EndProject
Project("{9A19103F-16F7-4668-BE54-9A1E7A4F7556}") = "CompositeImages", "CompositeImages\CompositeImages.csproj", "{FFFC0E87-8C5A-4716-9071-DAD07ADAAD58}"
EndProject
Project("{FAE04EC0-301F-11D3-BF4B-00C04F79EFBC}") = "CodeFirstExample", "CodeFirstExample\CodeFirstExample.csproj", "{2BC3D018-1B94-48CA-8FA3-EF8453A66DF1}"
EndProject
Project("{FAE04EC0-301F-11D3-BF4B-00C04F79EFBC}") = "StandardConsole", "StandardConsole\StandardConsole.csproj", "{BB574DA6-42CD-4E00-9D63-B5349C431157}"
EndProject
Project("{9A19103F-16F7-4668-BE54-9A1E7A4F7556}") = "TestConsole", "TestConsole\TestConsole.csproj", "{F0F28781-9EE0-4C6F-9C5D-BA7AA1A53DD8}"
EndProject
Project("{9A19103F-16F7-4668-BE54-9A1E7A4F7556}") = "TestWebApi", "TestWebApi\TestWebApi.csproj", "{DCB8234A-D46F-4F0E-86C3-3D1EF49E3F0F}"
EndProject
Project("{9A19103F-16F7-4668-BE54-9A1E7A4F7556}") = "ConsoleForAzure", "ConsoleForAzure\ConsoleForAzure.csproj", "{AB2B82C1-46AB-44DA-88BE-A406FBC08F47}"
EndProject
Project("{9A19103F-16F7-4668-BE54-9A1E7A4F7556}") = "TestWebApp", "TestWebApp\TestWebApp.csproj", "{E9BA17C5-7DF6-410A-AB33-36693C0ACF62}"
EndProject
Project("{9A19103F-16F7-4668-BE54-9A1E7A4F7556}") = "TestAzureFunction", "TestAzureFunction\TestAzureFunction.csproj", "{A04E267D-ACA2-4970-B5EC-B3978D3E3130}"
EndProject
Project("{9A19103F-16F7-4668-BE54-9A1E7A4F7556}") = "AzureFunctionServices", "AzureFunctionServices\AzureFunctionServices.csproj", "{6B3D1B84-B8A1-45B6-BD0F-9A94EAEFF7AF}"
EndProject
Project("{9A19103F-16F7-4668-BE54-9A1E7A4F7556}") = "XUnitProjectTest", "XUnitProjectTest\XUnitProjectTest.csproj", "{C84C46BD-D0FA-466D-8D15-DD0928AD9E20}"
EndProject
Project("{9A19103F-16F7-4668-BE54-9A1E7A4F7556}") = "TestCoreWebApp_2_1", "TestCoreWebApp_2_1\TestCoreWebApp_2_1.csproj", "{8E9986D5-9322-4B56-B3AD-4A961AF646B9}"
EndProject
Project("{9A19103F-16F7-4668-BE54-9A1E7A4F7556}") = "HttpTester", "HttpTester\HttpTester.csproj", "{0CFB2423-D9CD-4631-B902-AB74449E404D}"
EndProject
Project("{9A19103F-16F7-4668-BE54-9A1E7A4F7556}") = "TestDockerApi", "TestDockerApi\TestDockerApi.csproj", "{EDA8611A-047D-48D6-8D0B-51A9A49C0526}"
EndProject
Project("{E53339B2-1760-4266-BCC7-CA923CBCF16C}") = "docker-compose", "docker-compose.dcproj", "{044DFE6F-F23A-431C-B5C4-F3B628D83476}"
EndProject
Global
	GlobalSection(SolutionConfigurationPlatforms) = preSolution
		Debug|Any CPU = Debug|Any CPU
		Release|Any CPU = Release|Any CPU
	EndGlobalSection
	GlobalSection(ProjectConfigurationPlatforms) = postSolution
		{0F4911D7-6BCF-43DD-9AD8-049B78F576B7}.Debug|Any CPU.ActiveCfg = Debug|Any CPU
		{0F4911D7-6BCF-43DD-9AD8-049B78F576B7}.Debug|Any CPU.Build.0 = Debug|Any CPU
		{0F4911D7-6BCF-43DD-9AD8-049B78F576B7}.Release|Any CPU.ActiveCfg = Release|Any CPU
		{0F4911D7-6BCF-43DD-9AD8-049B78F576B7}.Release|Any CPU.Build.0 = Release|Any CPU
		{3AAAE1C8-9ADD-4185-B3C9-67FE32B2AFCC}.Debug|Any CPU.ActiveCfg = Debug|Any CPU
		{3AAAE1C8-9ADD-4185-B3C9-67FE32B2AFCC}.Debug|Any CPU.Build.0 = Debug|Any CPU
		{3AAAE1C8-9ADD-4185-B3C9-67FE32B2AFCC}.Release|Any CPU.ActiveCfg = Release|Any CPU
		{3AAAE1C8-9ADD-4185-B3C9-67FE32B2AFCC}.Release|Any CPU.Build.0 = Release|Any CPU
		{FFFC0E87-8C5A-4716-9071-DAD07ADAAD58}.Debug|Any CPU.ActiveCfg = Debug|Any CPU
		{FFFC0E87-8C5A-4716-9071-DAD07ADAAD58}.Debug|Any CPU.Build.0 = Debug|Any CPU
		{FFFC0E87-8C5A-4716-9071-DAD07ADAAD58}.Release|Any CPU.ActiveCfg = Release|Any CPU
		{FFFC0E87-8C5A-4716-9071-DAD07ADAAD58}.Release|Any CPU.Build.0 = Release|Any CPU
		{2BC3D018-1B94-48CA-8FA3-EF8453A66DF1}.Debug|Any CPU.ActiveCfg = Debug|Any CPU
		{2BC3D018-1B94-48CA-8FA3-EF8453A66DF1}.Debug|Any CPU.Build.0 = Debug|Any CPU
		{2BC3D018-1B94-48CA-8FA3-EF8453A66DF1}.Release|Any CPU.ActiveCfg = Release|Any CPU
		{2BC3D018-1B94-48CA-8FA3-EF8453A66DF1}.Release|Any CPU.Build.0 = Release|Any CPU
		{BB574DA6-42CD-4E00-9D63-B5349C431157}.Debug|Any CPU.ActiveCfg = Debug|Any CPU
		{BB574DA6-42CD-4E00-9D63-B5349C431157}.Debug|Any CPU.Build.0 = Debug|Any CPU
		{BB574DA6-42CD-4E00-9D63-B5349C431157}.Release|Any CPU.ActiveCfg = Release|Any CPU
		{BB574DA6-42CD-4E00-9D63-B5349C431157}.Release|Any CPU.Build.0 = Release|Any CPU
		{F0F28781-9EE0-4C6F-9C5D-BA7AA1A53DD8}.Debug|Any CPU.ActiveCfg = Debug|Any CPU
		{F0F28781-9EE0-4C6F-9C5D-BA7AA1A53DD8}.Debug|Any CPU.Build.0 = Debug|Any CPU
		{F0F28781-9EE0-4C6F-9C5D-BA7AA1A53DD8}.Release|Any CPU.ActiveCfg = Release|Any CPU
		{F0F28781-9EE0-4C6F-9C5D-BA7AA1A53DD8}.Release|Any CPU.Build.0 = Release|Any CPU
		{DCB8234A-D46F-4F0E-86C3-3D1EF49E3F0F}.Debug|Any CPU.ActiveCfg = Debug|Any CPU
		{DCB8234A-D46F-4F0E-86C3-3D1EF49E3F0F}.Debug|Any CPU.Build.0 = Debug|Any CPU
		{DCB8234A-D46F-4F0E-86C3-3D1EF49E3F0F}.Release|Any CPU.ActiveCfg = Release|Any CPU
		{DCB8234A-D46F-4F0E-86C3-3D1EF49E3F0F}.Release|Any CPU.Build.0 = Release|Any CPU
		{AB2B82C1-46AB-44DA-88BE-A406FBC08F47}.Debug|Any CPU.ActiveCfg = Debug|Any CPU
		{AB2B82C1-46AB-44DA-88BE-A406FBC08F47}.Debug|Any CPU.Build.0 = Debug|Any CPU
		{AB2B82C1-46AB-44DA-88BE-A406FBC08F47}.Release|Any CPU.ActiveCfg = Release|Any CPU
		{AB2B82C1-46AB-44DA-88BE-A406FBC08F47}.Release|Any CPU.Build.0 = Release|Any CPU
		{E9BA17C5-7DF6-410A-AB33-36693C0ACF62}.Debug|Any CPU.ActiveCfg = Debug|Any CPU
		{E9BA17C5-7DF6-410A-AB33-36693C0ACF62}.Debug|Any CPU.Build.0 = Debug|Any CPU
		{E9BA17C5-7DF6-410A-AB33-36693C0ACF62}.Release|Any CPU.ActiveCfg = Release|Any CPU
		{E9BA17C5-7DF6-410A-AB33-36693C0ACF62}.Release|Any CPU.Build.0 = Release|Any CPU
		{A04E267D-ACA2-4970-B5EC-B3978D3E3130}.Debug|Any CPU.ActiveCfg = Debug|Any CPU
		{A04E267D-ACA2-4970-B5EC-B3978D3E3130}.Debug|Any CPU.Build.0 = Debug|Any CPU
		{A04E267D-ACA2-4970-B5EC-B3978D3E3130}.Release|Any CPU.ActiveCfg = Release|Any CPU
		{A04E267D-ACA2-4970-B5EC-B3978D3E3130}.Release|Any CPU.Build.0 = Release|Any CPU
		{6B3D1B84-B8A1-45B6-BD0F-9A94EAEFF7AF}.Debug|Any CPU.ActiveCfg = Debug|Any CPU
		{6B3D1B84-B8A1-45B6-BD0F-9A94EAEFF7AF}.Debug|Any CPU.Build.0 = Debug|Any CPU
		{6B3D1B84-B8A1-45B6-BD0F-9A94EAEFF7AF}.Release|Any CPU.ActiveCfg = Release|Any CPU
		{6B3D1B84-B8A1-45B6-BD0F-9A94EAEFF7AF}.Release|Any CPU.Build.0 = Release|Any CPU
		{C84C46BD-D0FA-466D-8D15-DD0928AD9E20}.Debug|Any CPU.ActiveCfg = Debug|Any CPU
		{C84C46BD-D0FA-466D-8D15-DD0928AD9E20}.Debug|Any CPU.Build.0 = Debug|Any CPU
		{C84C46BD-D0FA-466D-8D15-DD0928AD9E20}.Release|Any CPU.ActiveCfg = Release|Any CPU
		{C84C46BD-D0FA-466D-8D15-DD0928AD9E20}.Release|Any CPU.Build.0 = Release|Any CPU
		{8E9986D5-9322-4B56-B3AD-4A961AF646B9}.Debug|Any CPU.ActiveCfg = Debug|Any CPU
		{8E9986D5-9322-4B56-B3AD-4A961AF646B9}.Debug|Any CPU.Build.0 = Debug|Any CPU
		{8E9986D5-9322-4B56-B3AD-4A961AF646B9}.Release|Any CPU.ActiveCfg = Release|Any CPU
		{8E9986D5-9322-4B56-B3AD-4A961AF646B9}.Release|Any CPU.Build.0 = Release|Any CPU
		{0CFB2423-D9CD-4631-B902-AB74449E404D}.Debug|Any CPU.ActiveCfg = Debug|Any CPU
		{0CFB2423-D9CD-4631-B902-AB74449E404D}.Debug|Any CPU.Build.0 = Debug|Any CPU
		{0CFB2423-D9CD-4631-B902-AB74449E404D}.Release|Any CPU.ActiveCfg = Release|Any CPU
		{0CFB2423-D9CD-4631-B902-AB74449E404D}.Release|Any CPU.Build.0 = Release|Any CPU
		{EDA8611A-047D-48D6-8D0B-51A9A49C0526}.Debug|Any CPU.ActiveCfg = Debug|Any CPU
		{EDA8611A-047D-48D6-8D0B-51A9A49C0526}.Debug|Any CPU.Build.0 = Debug|Any CPU
		{EDA8611A-047D-48D6-8D0B-51A9A49C0526}.Release|Any CPU.ActiveCfg = Release|Any CPU
		{EDA8611A-047D-48D6-8D0B-51A9A49C0526}.Release|Any CPU.Build.0 = Release|Any CPU
		{044DFE6F-F23A-431C-B5C4-F3B628D83476}.Debug|Any CPU.ActiveCfg = Debug|Any CPU
		{044DFE6F-F23A-431C-B5C4-F3B628D83476}.Debug|Any CPU.Build.0 = Debug|Any CPU
		{044DFE6F-F23A-431C-B5C4-F3B628D83476}.Release|Any CPU.ActiveCfg = Release|Any CPU
		{044DFE6F-F23A-431C-B5C4-F3B628D83476}.Release|Any CPU.Build.0 = Release|Any CPU
	EndGlobalSection
	GlobalSection(SolutionProperties) = preSolution
		HideSolutionNode = FALSE
	EndGlobalSection
	GlobalSection(ExtensibilityGlobals) = postSolution
		SolutionGuid = {01C47C89-5B58-4A0F-AEF0-F3B08E007B31}
	EndGlobalSection
EndGlobal
